
Microsoft Visual Studio Solution File, Format Version 12.00
# Visual Studio Version 17
VisualStudioVersion = 17.4.33213.308
MinimumVisualStudioVersion = 10.0.40219.1
Project("{9A19103F-16F7-4668-BE54-9A1E7A4F7556}") = "Identify", "Identify\Identify.csproj", "{77A48CAE-A68D-47DA-BCC9-D84C4E53EF82}"
EndProject
Project("{9A19103F-16F7-4668-BE54-9A1E7A4F7556}") = "JWTDemo1", "JWTDemo1\JWTDemo1.csproj", "{E584DC2C-FA21-4E32-BCD1-3F0D26CCD6BA}"
EndProject
Project("{9A19103F-16F7-4668-BE54-9A1E7A4F7556}") = "JwtDecode", "JwtDecode\JwtDecode.csproj", "{C83D7763-FD62-46B3-BA81-A738BA87932C}"
EndProject
Project("{9A19103F-16F7-4668-BE54-9A1E7A4F7556}") = "JwtWebApp", "JwtWebApp\JwtWebApp.csproj", "{2EDE49F1-91C9-47F7-ACD0-D2C297DCA8C6}"
EndProject
Project("{FAE04EC0-301F-11D3-BF4B-00C04F79EFBC}") = "JwtRevoke", "JwtRevoke\JwtRevoke.csproj", "{AD79752E-E325-42D6-95C6-C530AEE87D25}"
EndProject
Global
	GlobalSection(SolutionConfigurationPlatforms) = preSolution
		Debug|Any CPU = Debug|Any CPU
		Release|Any CPU = Release|Any CPU
	EndGlobalSection
	GlobalSection(ProjectConfigurationPlatforms) = postSolution
		{77A48CAE-A68D-47DA-BCC9-D84C4E53EF82}.Debug|Any CPU.ActiveCfg = Debug|Any CPU
		{77A48CAE-A68D-47DA-BCC9-D84C4E53EF82}.Debug|Any CPU.Build.0 = Debug|Any CPU
		{77A48CAE-A68D-47DA-BCC9-D84C4E53EF82}.Release|Any CPU.ActiveCfg = Release|Any CPU
		{77A48CAE-A68D-47DA-BCC9-D84C4E53EF82}.Release|Any CPU.Build.0 = Release|Any CPU
		{E584DC2C-FA21-4E32-BCD1-3F0D26CCD6BA}.Debug|Any CPU.ActiveCfg = Debug|Any CPU
		{E584DC2C-FA21-4E32-BCD1-3F0D26CCD6BA}.Debug|Any CPU.Build.0 = Debug|Any CPU
		{E584DC2C-FA21-4E32-BCD1-3F0D26CCD6BA}.Release|Any CPU.ActiveCfg = Release|Any CPU
		{E584DC2C-FA21-4E32-BCD1-3F0D26CCD6BA}.Release|Any CPU.Build.0 = Release|Any CPU
		{C83D7763-FD62-46B3-BA81-A738BA87932C}.Debug|Any CPU.ActiveCfg = Debug|Any CPU
		{C83D7763-FD62-46B3-BA81-A738BA87932C}.Debug|Any CPU.Build.0 = Debug|Any CPU
		{C83D7763-FD62-46B3-BA81-A738BA87932C}.Release|Any CPU.ActiveCfg = Release|Any CPU
		{C83D7763-FD62-46B3-BA81-A738BA87932C}.Release|Any CPU.Build.0 = Release|Any CPU
		{2EDE49F1-91C9-47F7-ACD0-D2C297DCA8C6}.Debug|Any CPU.ActiveCfg = Debug|Any CPU
		{2EDE49F1-91C9-47F7-ACD0-D2C297DCA8C6}.Debug|Any CPU.Build.0 = Debug|Any CPU
		{2EDE49F1-91C9-47F7-ACD0-D2C297DCA8C6}.Release|Any CPU.ActiveCfg = Release|Any CPU
		{2EDE49F1-91C9-47F7-ACD0-D2C297DCA8C6}.Release|Any CPU.Build.0 = Release|Any CPU
		{AD79752E-E325-42D6-95C6-C530AEE87D25}.Debug|Any CPU.ActiveCfg = Debug|Any CPU
		{AD79752E-E325-42D6-95C6-C530AEE87D25}.Debug|Any CPU.Build.0 = Debug|Any CPU
		{AD79752E-E325-42D6-95C6-C530AEE87D25}.Release|Any CPU.ActiveCfg = Release|Any CPU
		{AD79752E-E325-42D6-95C6-C530AEE87D25}.Release|Any CPU.Build.0 = Release|Any CPU
	EndGlobalSection
	GlobalSection(SolutionProperties) = preSolution
		HideSolutionNode = FALSE
	EndGlobalSection
	GlobalSection(ExtensibilityGlobals) = postSolution
		SolutionGuid = {0DC04375-D1EC-48E4-AE4C-F89E37B3E54F}
	EndGlobalSection
EndGlobal
